
Microsoft Visual Studio Solution File, Format Version 12.00
# Visual Studio Version 16
VisualStudioVersion = 16.0.31410.357
MinimumVisualStudioVersion = 10.0.40219.1
Project("{9A19103F-16F7-4668-BE54-9A1E7A4F7556}") = "VTYS.Entities", "VTYS.Entities\VTYS.Entities.csproj", "{B9EA1DBC-617E-47C1-8CAB-267BF048563D}"
EndProject
Project("{FAE04EC0-301F-11D3-BF4B-00C04F79EFBC}") = "DataAccess", "DataAccess\DataAccess.csproj", "{27E3627F-1DA8-4A55-9895-61D72D2845F4}"
EndProject
Project("{FAE04EC0-301F-11D3-BF4B-00C04F79EFBC}") = "Services", "Services\Services.csproj", "{B24CE219-AFA3-4236-A275-CF0EAE5614C0}"
EndProject
Project("{FAE04EC0-301F-11D3-BF4B-00C04F79EFBC}") = "Api", "Api\Api.csproj", "{4E5A8758-6CB1-4646-9267-ACE707852722}"
EndProject
Global
	GlobalSection(SolutionConfigurationPlatforms) = preSolution
		Debug|Any CPU = Debug|Any CPU
		Release|Any CPU = Release|Any CPU
	EndGlobalSection
	GlobalSection(ProjectConfigurationPlatforms) = postSolution
		{B9EA1DBC-617E-47C1-8CAB-267BF048563D}.Debug|Any CPU.ActiveCfg = Debug|Any CPU
		{B9EA1DBC-617E-47C1-8CAB-267BF048563D}.Debug|Any CPU.Build.0 = Debug|Any CPU
		{B9EA1DBC-617E-47C1-8CAB-267BF048563D}.Release|Any CPU.ActiveCfg = Release|Any CPU
		{B9EA1DBC-617E-47C1-8CAB-267BF048563D}.Release|Any CPU.Build.0 = Release|Any CPU
		{27E3627F-1DA8-4A55-9895-61D72D2845F4}.Debug|Any CPU.ActiveCfg = Debug|Any CPU
		{27E3627F-1DA8-4A55-9895-61D72D2845F4}.Debug|Any CPU.Build.0 = Debug|Any CPU
		{27E3627F-1DA8-4A55-9895-61D72D2845F4}.Release|Any CPU.ActiveCfg = Release|Any CPU
		{27E3627F-1DA8-4A55-9895-61D72D2845F4}.Release|Any CPU.Build.0 = Release|Any CPU
		{B24CE219-AFA3-4236-A275-CF0EAE5614C0}.Debug|Any CPU.ActiveCfg = Debug|Any CPU
		{B24CE219-AFA3-4236-A275-CF0EAE5614C0}.Debug|Any CPU.Build.0 = Debug|Any CPU
		{B24CE219-AFA3-4236-A275-CF0EAE5614C0}.Release|Any CPU.ActiveCfg = Release|Any CPU
		{B24CE219-AFA3-4236-A275-CF0EAE5614C0}.Release|Any CPU.Build.0 = Release|Any CPU
		{4E5A8758-6CB1-4646-9267-ACE707852722}.Debug|Any CPU.ActiveCfg = Debug|Any CPU
		{4E5A8758-6CB1-4646-9267-ACE707852722}.Debug|Any CPU.Build.0 = Debug|Any CPU
		{4E5A8758-6CB1-4646-9267-ACE707852722}.Release|Any CPU.ActiveCfg = Release|Any CPU
		{4E5A8758-6CB1-4646-9267-ACE707852722}.Release|Any CPU.Build.0 = Release|Any CPU
	EndGlobalSection
	GlobalSection(SolutionProperties) = preSolution
		HideSolutionNode = FALSE
	EndGlobalSection
	GlobalSection(ExtensibilityGlobals) = postSolution
		SolutionGuid = {0D1615A0-5AD1-4821-B0C9-A6E7CE803610}
	EndGlobalSection
EndGlobal
